[[package]]
name = "arrayvec"
version = "0.4.7"
source = "registry+https://github.com/rust-lang/crates.io-index"
dependencies = [
 "nodrop 0.1.12 (registry+https://github.com/rust-lang/crates.io-index)",
]

[[package]]
name = "avl"
version = "0.1.0"
source = "git+https://github.com/pratyush/oblix#568cfc218b96ad334de40d4b170ff42f03efb6eb"
dependencies = [
 "generic-array 0.8.3 (registry+https://github.com/rust-lang/crates.io-index)",
 "ods 0.1.0 (git+https://github.com/pratyush/oblix)",
 "path-oram 0.1.0 (git+https://github.com/pratyush/oblix)",
 "serde 1.0.27 (registry+https://github.com/rust-lang/crates.io-index)",
 "serde_derive 1.0.37 (registry+https://github.com/rust-lang/crates.io-index)",
]

[[package]]
name = "bigint"
version = "4.2.0"
source = "registry+https://github.com/rust-lang/crates.io-index"
dependencies = [
 "byteorder 1.2.2 (registry+https://github.com/rust-lang/crates.io-index)",
 "crunchy 0.1.6 (registry+https://github.com/rust-lang/crates.io-index)",
 "rustc_version 0.2.2 (registry+https://github.com/rust-lang/crates.io-index)",
]

[[package]]
name = "byteorder"
version = "1.2.2"
source = "registry+https://github.com/rust-lang/crates.io-index"

[[package]]
name = "cfg-if"
version = "0.1.2"
source = "registry+https://github.com/rust-lang/crates.io-index"

[[package]]
name = "corepack"
version = "0.3.1"
source = "registry+https://github.com/rust-lang/crates.io-index"
dependencies = [
 "byteorder 1.2.2 (registry+https://github.com/rust-lang/crates.io-index)",
 "serde 1.0.27 (registry+https://github.com/rust-lang/crates.io-index)",
]

[[package]]
name = "crunchy"
version = "0.1.6"
source = "registry+https://github.com/rust-lang/crates.io-index"

[[package]]
name = "digest"
version = "0.6.2"
source = "registry+https://github.com/rust-lang/crates.io-index"
dependencies = [
 "generic-array 0.8.3 (registry+https://github.com/rust-lang/crates.io-index)",
]

[[package]]
name = "either"
version = "1.5.0"
source = "registry+https://github.com/rust-lang/crates.io-index"

[[package]]
name = "fast-bytes"
version = "0.1.0"
source = "git+https://github.com/pratyush/oblix#568cfc218b96ad334de40d4b170ff42f03efb6eb"
dependencies = [
 "bigint 4.2.0 (registry+https://github.com/rust-lang/crates.io-index)",
 "byteorder 1.2.2 (registry+https://github.com/rust-lang/crates.io-index)",
]

[[package]]
name = "filetime"
version = "0.1.15"
source = "registry+https://github.com/rust-lang/crates.io-index"
dependencies = [
 "cfg-if 0.1.2 (registry+https://github.com/rust-lang/crates.io-index)",
 "libc 0.2.40 (registry+https://github.com/rust-lang/crates.io-index)",
 "redox_syscall 0.1.37 (registry+https://github.com/rust-lang/crates.io-index)",
]

[[package]]
name = "flat_map"
version = "0.0.6"
source = "registry+https://github.com/rust-lang/crates.io-index"
dependencies = [
 "serde 1.0.27 (registry+https://github.com/rust-lang/crates.io-index)",
 "serde_derive 1.0.37 (registry+https://github.com/rust-lang/crates.io-index)",
]

[[package]]
name = "gcc"
version = "0.3.54"
source = "registry+https://github.com/rust-lang/crates.io-index"

[[package]]
name = "generic-array"
version = "0.8.3"
source = "registry+https://github.com/rust-lang/crates.io-index"
dependencies = [
 "nodrop 0.1.12 (registry+https://github.com/rust-lang/crates.io-index)",
 "serde 1.0.27 (registry+https://github.com/rust-lang/crates.io-index)",
 "typenum 1.10.0 (registry+https://github.com/rust-lang/crates.io-index)",
]

[[package]]
name = "libc"
version = "0.2.40"
source = "registry+https://github.com/rust-lang/crates.io-index"

[[package]]
name = "linear-map"
version = "1.2.0"
source = "git+https://github.com/pratyush/oblix#568cfc218b96ad334de40d4b170ff42f03efb6eb"
dependencies = [
 "serde 1.0.27 (registry+https://github.com/rust-lang/crates.io-index)",
]

[[package]]
name = "log"
version = "0.3.9"
source = "registry+https://github.com/rust-lang/crates.io-index"
dependencies = [
 "log 0.4.1 (registry+https://github.com/rust-lang/crates.io-index)",
]

[[package]]
name = "log"
version = "0.4.1"
source = "registry+https://github.com/rust-lang/crates.io-index"
dependencies = [
 "cfg-if 0.1.2 (registry+https://github.com/rust-lang/crates.io-index)",
]

[[package]]
name = "nodrop"
version = "0.1.12"
source = "registry+https://github.com/rust-lang/crates.io-index"

[[package]]
name = "ods"
version = "0.1.0"
source = "git+https://github.com/pratyush/oblix#568cfc218b96ad334de40d4b170ff42f03efb6eb"
dependencies = [
 "corepack 0.3.1 (registry+https://github.com/rust-lang/crates.io-index)",
 "flat_map 0.0.6 (registry+https://github.com/rust-lang/crates.io-index)",
 "generic-array 0.8.3 (registry+https://github.com/rust-lang/crates.io-index)",
 "linear-map 1.2.0 (git+https://github.com/pratyush/oblix)",
 "log 0.3.9 (registry+https://github.com/rust-lang/crates.io-index)",
 "path-oram 0.1.0 (git+https://github.com/pratyush/oblix)",
 "serde 1.0.27 (registry+https://github.com/rust-lang/crates.io-index)",
 "serde_derive 1.0.37 (registry+https://github.com/rust-lang/crates.io-index)",
]

[[package]]
name = "osm"
version = "0.1.0"
source = "git+https://github.com/pratyush/oblix#568cfc218b96ad334de40d4b170ff42f03efb6eb"
dependencies = [
 "avl 0.1.0 (git+https://github.com/pratyush/oblix)",
 "fast-bytes 0.1.0 (git+https://github.com/pratyush/oblix)",
 "flat_map 0.0.6 (registry+https://github.com/rust-lang/crates.io-index)",
 "generic-array 0.8.3 (registry+https://github.com/rust-lang/crates.io-index)",
 "linear-map 1.2.0 (git+https://github.com/pratyush/oblix)",
 "log 0.3.9 (registry+https://github.com/rust-lang/crates.io-index)",
 "ods 0.1.0 (git+https://github.com/pratyush/oblix)",
 "path-oram 0.1.0 (git+https://github.com/pratyush/oblix)",
 "serde 1.0.27 (registry+https://github.com/rust-lang/crates.io-index)",
 "serde_derive 1.0.37 (registry+https://github.com/rust-lang/crates.io-index)",
]

[[package]]
name = "osm-microbenchmarks"
version = "0.1.0"
dependencies = [
 "ods 0.1.0 (git+https://github.com/pratyush/oblix)",
 "osm 0.1.0 (git+https://github.com/pratyush/oblix)",
 "path-oram 0.1.0 (git+https://github.com/pratyush/oblix)",
 "serde 1.0.27 (registry+https://github.com/rust-lang/crates.io-index)",
 "sgx_tstd 0.9.8 (registry+https://github.com/rust-lang/crates.io-index)",
 "sgx_types 0.9.8 (registry+https://github.com/rust-lang/crates.io-index)",
]

[[package]]
name = "path-oram"
version = "0.1.0"
source = "git+https://github.com/pratyush/oblix#568cfc218b96ad334de40d4b170ff42f03efb6eb"
dependencies = [
 "arrayvec 0.4.7 (registry+https://github.com/rust-lang/crates.io-index)",
 "digest 0.6.2 (registry+https://github.com/rust-lang/crates.io-index)",
 "either 1.5.0 (registry+https://github.com/rust-lang/crates.io-index)",
 "fast-bytes 0.1.0 (git+https://github.com/pratyush/oblix)",
 "flat_map 0.0.6 (registry+https://github.com/rust-lang/crates.io-index)",
 "gcc 0.3.54 (registry+https://github.com/rust-lang/crates.io-index)",
 "generic-array 0.8.3 (registry+https://github.com/rust-lang/crates.io-index)",
 "linear-map 1.2.0 (git+https://github.com/pratyush/oblix)",
 "log 0.3.9 (registry+https://github.com/rust-lang/crates.io-index)",
 "serde 1.0.27 (registry+https://github.com/rust-lang/crates.io-index)",
 "serde_derive 1.0.37 (registry+https://github.com/rust-lang/crates.io-index)",
 "smallvec 0.4.4 (registry+https://github.com/rust-lang/crates.io-index)",
 "spin 0.4.7 (registry+https://github.com/rust-lang/crates.io-index)",
 "splay_tree 0.2.9 (registry+https://github.com/rust-lang/crates.io-index)",
]

[[package]]
name = "proc-macro2"
version = "0.3.3"
source = "registry+https://github.com/rust-lang/crates.io-index"
dependencies = [
 "unicode-xid 0.1.0 (registry+https://github.com/rust-lang/crates.io-index)",
]

[[package]]
name = "quote"
version = "0.5.1"
source = "registry+https://github.com/rust-lang/crates.io-index"
dependencies = [
 "proc-macro2 0.3.3 (registry+https://github.com/rust-lang/crates.io-index)",
]

[[package]]
name = "redox_syscall"
version = "0.1.37"
source = "registry+https://github.com/rust-lang/crates.io-index"

[[package]]
name = "rustc_version"
version = "0.2.2"
source = "registry+https://github.com/rust-lang/crates.io-index"
dependencies = [
 "semver 0.9.0 (registry+https://github.com/rust-lang/crates.io-index)",
]

[[package]]
name = "semver"
version = "0.9.0"
source = "registry+https://github.com/rust-lang/crates.io-index"
dependencies = [
 "semver-parser 0.7.0 (registry+https://github.com/rust-lang/crates.io-index)",
]

[[package]]
name = "semver-parser"
version = "0.7.0"
source = "registry+https://github.com/rust-lang/crates.io-index"

[[package]]
name = "serde"
version = "1.0.27"
source = "registry+https://github.com/rust-lang/crates.io-index"
dependencies = [
 "serde_derive 1.0.37 (registry+https://github.com/rust-lang/crates.io-index)",
]

[[package]]
name = "serde_derive"
version = "1.0.37"
source = "registry+https://github.com/rust-lang/crates.io-index"
dependencies = [
 "proc-macro2 0.3.3 (registry+https://github.com/rust-lang/crates.io-index)",
 "quote 0.5.1 (registry+https://github.com/rust-lang/crates.io-index)",
 "serde_derive_internals 0.23.0 (registry+https://github.com/rust-lang/crates.io-index)",
 "syn 0.13.1 (registry+https://github.com/rust-lang/crates.io-index)",
]

[[package]]
name = "serde_derive_internals"
version = "0.23.0"
source = "registry+https://github.com/rust-lang/crates.io-index"
dependencies = [
 "proc-macro2 0.3.3 (registry+https://github.com/rust-lang/crates.io-index)",
 "syn 0.13.1 (registry+https://github.com/rust-lang/crates.io-index)",
]

[[package]]
name = "sgx_alloc"
version = "0.9.8"
source = "registry+https://github.com/rust-lang/crates.io-index"
dependencies = [
 "sgx_trts 0.9.8 (registry+https://github.com/rust-lang/crates.io-index)",
]

[[package]]
name = "sgx_build_helper"
version = "0.1.0"
source = "registry+https://github.com/rust-lang/crates.io-index"
dependencies = [
 "filetime 0.1.15 (registry+https://github.com/rust-lang/crates.io-index)",
]

[[package]]
name = "sgx_tprotected_fs"
version = "0.9.8"
source = "registry+https://github.com/rust-lang/crates.io-index"
dependencies = [
 "sgx_trts 0.9.8 (registry+https://github.com/rust-lang/crates.io-index)",
 "sgx_types 0.9.8 (registry+https://github.com/rust-lang/crates.io-index)",
]

[[package]]
name = "sgx_trts"
version = "0.9.8"
source = "registry+https://github.com/rust-lang/crates.io-index"
dependencies = [
 "sgx_types 0.9.8 (registry+https://github.com/rust-lang/crates.io-index)",
]

[[package]]
name = "sgx_tstd"
version = "0.9.8"
source = "registry+https://github.com/rust-lang/crates.io-index"
dependencies = [
 "sgx_alloc 0.9.8 (registry+https://github.com/rust-lang/crates.io-index)",
 "sgx_build_helper 0.1.0 (registry+https://github.com/rust-lang/crates.io-index)",
 "sgx_tprotected_fs 0.9.8 (registry+https://github.com/rust-lang/crates.io-index)",
 "sgx_trts 0.9.8 (registry+https://github.com/rust-lang/crates.io-index)",
 "sgx_types 0.9.8 (registry+https://github.com/rust-lang/crates.io-index)",
 "sgx_unwind 0.0.0 (registry+https://github.com/rust-lang/crates.io-index)",
]

[[package]]
name = "sgx_types"
version = "0.9.8"
source = "registry+https://github.com/rust-lang/crates.io-index"

[[package]]
name = "sgx_unwind"
version = "0.0.0"
source = "registry+https://github.com/rust-lang/crates.io-index"
dependencies = [
 "sgx_trts 0.9.8 (registry+https://github.com/rust-lang/crates.io-index)",
]

[[package]]
name = "smallvec"
version = "0.4.4"
source = "registry+https://github.com/rust-lang/crates.io-index"

[[package]]
name = "spin"
version = "0.4.7"
source = "registry+https://github.com/rust-lang/crates.io-index"

[[package]]
name = "splay_tree"
version = "0.2.9"
source = "registry+https://github.com/rust-lang/crates.io-index"
dependencies = [
 "serde 1.0.27 (registry+https://github.com/rust-lang/crates.io-index)",
]

[[package]]
name = "syn"
version = "0.13.1"
source = "registry+https://github.com/rust-lang/crates.io-index"
dependencies = [
 "proc-macro2 0.3.3 (registry+https://github.com/rust-lang/crates.io-index)",
 "quote 0.5.1 (registry+https://github.com/rust-lang/crates.io-index)",
 "unicode-xid 0.1.0 (registry+https://github.com/rust-lang/crates.io-index)",
]

[[package]]
name = "typenum"
version = "1.10.0"
source = "registry+https://github.com/rust-lang/crates.io-index"

[[package]]
name = "unicode-xid"
version = "0.1.0"
source = "registry+https://github.com/rust-lang/crates.io-index"

[metadata]
"checksum arrayvec 0.4.7 (registry+https://github.com/rust-lang/crates.io-index)" = "a1e964f9e24d588183fcb43503abda40d288c8657dfc27311516ce2f05675aef"
"checksum avl 0.1.0 (git+https://github.com/pratyush/oblix)" = "<none>"
"checksum bigint 4.2.0 (registry+https://github.com/rust-lang/crates.io-index)" = "5442186ef6560f30f1ee4b9c1e4c87a35a6879d3644550cc248ec2b955eb5fcd"
"checksum byteorder 1.2.2 (registry+https://github.com/rust-lang/crates.io-index)" = "73b5bdfe7ee3ad0b99c9801d58807a9dbc9e09196365b0203853b99889ab3c87"
"checksum cfg-if 0.1.2 (registry+https://github.com/rust-lang/crates.io-index)" = "d4c819a1287eb618df47cc647173c5c4c66ba19d888a6e50d605672aed3140de"
"checksum corepack 0.3.1 (registry+https://github.com/rust-lang/crates.io-index)" = "31e94ce2f7842a965791b394b27bc2b1697aec74220b51f7a25ce5e671cd80f6"
"checksum crunchy 0.1.6 (registry+https://github.com/rust-lang/crates.io-index)" = "a2f4a431c5c9f662e1200b7c7f02c34e91361150e382089a8f2dec3ba680cbda"
"checksum digest 0.6.2 (registry+https://github.com/rust-lang/crates.io-index)" = "e5b29bf156f3f4b3c4f610a25ff69370616ae6e0657d416de22645483e72af0a"
"checksum either 1.5.0 (registry+https://github.com/rust-lang/crates.io-index)" = "3be565ca5c557d7f59e7cfcf1844f9e3033650c929c6566f511e8005f205c1d0"
"checksum fast-bytes 0.1.0 (git+https://github.com/pratyush/oblix)" = "<none>"
"checksum filetime 0.1.15 (registry+https://github.com/rust-lang/crates.io-index)" = "714653f3e34871534de23771ac7b26e999651a0a228f47beb324dfdf1dd4b10f"
"checksum flat_map 0.0.6 (registry+https://github.com/rust-lang/crates.io-index)" = "ee32c4d55efe9ab498f1cb7f8c84b790977b78cb5bc42e4cc975768988a4d71b"
"checksum gcc 0.3.54 (registry+https://github.com/rust-lang/crates.io-index)" = "5e33ec290da0d127825013597dbdfc28bee4964690c7ce1166cbc2a7bd08b1bb"
"checksum generic-array 0.8.3 (registry+https://github.com/rust-lang/crates.io-index)" = "fceb69994e330afed50c93524be68c42fa898c2d9fd4ee8da03bd7363acd26f2"
"checksum libc 0.2.40 (registry+https://github.com/rust-lang/crates.io-index)" = "6fd41f331ac7c5b8ac259b8bf82c75c0fb2e469bbf37d2becbba9a6a2221965b"
"checksum linear-map 1.2.0 (git+https://github.com/pratyush/oblix)" = "<none>"
"checksum log 0.3.9 (registry+https://github.com/rust-lang/crates.io-index)" = "e19e8d5c34a3e0e2223db8e060f9e8264aeeb5c5fc64a4ee9965c062211c024b"
"checksum log 0.4.1 (registry+https://github.com/rust-lang/crates.io-index)" = "89f010e843f2b1a31dbd316b3b8d443758bc634bed37aabade59c686d644e0a2"
"checksum nodrop 0.1.12 (registry+https://github.com/rust-lang/crates.io-index)" = "9a2228dca57108069a5262f2ed8bd2e82496d2e074a06d1ccc7ce1687b6ae0a2"
"checksum ods 0.1.0 (git+https://github.com/pratyush/oblix)" = "<none>"
"checksum osm 0.1.0 (git+https://github.com/pratyush/oblix)" = "<none>"
"checksum path-oram 0.1.0 (git+https://github.com/pratyush/oblix)" = "<none>"
"checksum proc-macro2 0.3.3 (registry+https://github.com/rust-lang/crates.io-index)" = "a01eb4338ef7c116cbe3b2913a6ef9f10b0a711aa6a162af184ea81fab38ea72"
"checksum quote 0.5.1 (registry+https://github.com/rust-lang/crates.io-index)" = "7b0ff51282f28dc1b53fd154298feaa2e77c5ea0dba68e1fd8b03b72fbe13d2a"
"checksum redox_syscall 0.1.37 (registry+https://github.com/rust-lang/crates.io-index)" = "0d92eecebad22b767915e4d529f89f28ee96dbbf5a4810d2b844373f136417fd"
"checksum rustc_version 0.2.2 (registry+https://github.com/rust-lang/crates.io-index)" = "a54aa04a10c68c1c4eacb4337fd883b435997ede17a9385784b990777686b09a"
"checksum semver 0.9.0 (registry+https://github.com/rust-lang/crates.io-index)" = "1d7eb9ef2c18661902cc47e535f9bc51b78acd254da71d375c2f6720d9a40403"
"checksum semver-parser 0.7.0 (registry+https://github.com/rust-lang/crates.io-index)" = "388a1df253eca08550bef6c72392cfe7c30914bf41df5269b68cbd6ff8f570a3"
"checksum serde 1.0.27 (registry+https://github.com/rust-lang/crates.io-index)" = "db99f3919e20faa51bb2996057f5031d8685019b5a06139b1ce761da671b8526"
"checksum serde_derive 1.0.37 (registry+https://github.com/rust-lang/crates.io-index)" = "f1711ab8b208541fa8de00425f6a577d90f27bb60724d2bb5fd911314af9668f"
"checksum serde_derive_internals 0.23.0 (registry+https://github.com/rust-lang/crates.io-index)" = "89b340a48245bc03ddba31d0ff1709c118df90edc6adabaca4aac77aea181cce"
"checksum sgx_alloc 0.9.8 (registry+https://github.com/rust-lang/crates.io-index)" = "2f8528f6c72e037e9a300960cccf2e35935b22e358b9bab033fb14e16c579dcd"
"checksum sgx_build_helper 0.1.0 (registry+https://github.com/rust-lang/crates.io-index)" = "ee53e3b297178bf5a3b6275015020875149e12424d7d2ec01a2f0cfcc475b878"
"checksum sgx_tprotected_fs 0.9.8 (registry+https://github.com/rust-lang/crates.io-index)" = "01c5ff3ff4da51894151381aa70f94b0f9c422ede7836b431d73352d1afba1ff"
"checksum sgx_trts 0.9.8 (registry+https://github.com/rust-lang/crates.io-index)" = "1293a490ceb58471411c704f0163b716970bf53133ce9fdf2c163f46930603ea"
"checksum sgx_tstd 0.9.8 (registry+https://github.com/rust-lang/crates.io-index)" = "f3a99559870bfbb939f5baf0e7fc438e8d629c987da4af4f4d0b3a0a24a224a1"
"checksum sgx_types 0.9.8 (registry+https://github.com/rust-lang/crates.io-index)" = "dae9217f41cde70a81a3adfab96d78bcab678fd97ad4eedee004a3f0f6bb21a9"
"checksum sgx_unwind 0.0.0 (registry+https://github.com/rust-lang/crates.io-index)" = "36947158619ad13e5c7841a6546f715b6da41181933994df4cc7e1e5d6665a24"
"checksum smallvec 0.4.4 (registry+https://github.com/rust-lang/crates.io-index)" = "ee4f357e8cd37bf8822e1b964e96fd39e2cb5a0424f8aaa284ccaccc2162411c"
"checksum spin 0.4.7 (registry+https://github.com/rust-lang/crates.io-index)" = "dc28a8d2f2efa706fc9d3d074e265c1d529db41c1603679861662cb88e05e70a"
"checksum splay_tree 0.2.9 (registry+https://github.com/rust-lang/crates.io-index)" = "0941a36e3ba0f861037703ef3e84b13c1d9f2af68976d557863b01ae98e7d2e6"
"checksum syn 0.13.1 (registry+https://github.com/rust-lang/crates.io-index)" = "91b52877572087400e83d24b9178488541e3d535259e04ff17a63df1e5ceff59"
"checksum typenum 1.10.0 (registry+https://github.com/rust-lang/crates.io-index)" = "612d636f949607bdf9b123b4a6f6d966dedf3ff669f7f045890d3a4a73948169"
"checksum unicode-xid 0.1.0 (registry+https://github.com/rust-lang/crates.io-index)" = "fc72304796d0818e357ead4e000d19c9c174ab23dc11093ac919054d20a6a7fc"
