[[package]]
name = "arrayvec"
version = "0.4.7"
source = "registry+https://github.com/rust-lang/crates.io-index"
dependencies = [
 "nodrop 0.1.12 (registry+https://github.com/rust-lang/crates.io-index)",
]

[[package]]
name = "avl"
version = "0.1.0"
dependencies = [
 "fast-bytes 0.1.0",
 "generic-array 0.8.3 (registry+https://github.com/rust-lang/crates.io-index)",
 "ods 0.1.0",
 "path-oram 0.1.0",
 "serde 1.0.72 (registry+https://github.com/rust-lang/crates.io-index)",
 "serde_derive 1.0.72 (registry+https://github.com/rust-lang/crates.io-index)",
]

[[package]]
name = "bigint"
version = "4.4.1"
source = "registry+https://github.com/rust-lang/crates.io-index"
dependencies = [
 "byteorder 1.2.4 (registry+https://github.com/rust-lang/crates.io-index)",
 "crunchy 0.1.6 (registry+https://github.com/rust-lang/crates.io-index)",
]

[[package]]
name = "byteorder"
version = "1.2.4"
source = "registry+https://github.com/rust-lang/crates.io-index"

[[package]]
name = "cc"
version = "1.0.19"
source = "registry+https://github.com/rust-lang/crates.io-index"

[[package]]
name = "cfg-if"
version = "0.1.5"
source = "registry+https://github.com/rust-lang/crates.io-index"

[[package]]
name = "crunchy"
version = "0.1.6"
source = "registry+https://github.com/rust-lang/crates.io-index"

[[package]]
name = "digest"
version = "0.6.2"
source = "registry+https://github.com/rust-lang/crates.io-index"
dependencies = [
 "generic-array 0.8.3 (registry+https://github.com/rust-lang/crates.io-index)",
]

[[package]]
name = "either"
version = "1.5.0"
source = "registry+https://github.com/rust-lang/crates.io-index"

[[package]]
name = "fast-bytes"
version = "0.1.0"
dependencies = [
 "bigint 4.4.1 (registry+https://github.com/rust-lang/crates.io-index)",
 "byteorder 1.2.4 (registry+https://github.com/rust-lang/crates.io-index)",
]

[[package]]
name = "filetime"
version = "0.1.15"
source = "registry+https://github.com/rust-lang/crates.io-index"
dependencies = [
 "cfg-if 0.1.5 (registry+https://github.com/rust-lang/crates.io-index)",
 "libc 0.2.43 (registry+https://github.com/rust-lang/crates.io-index)",
 "redox_syscall 0.1.40 (registry+https://github.com/rust-lang/crates.io-index)",
]

[[package]]
name = "flat_map"
version = "0.0.6"
source = "registry+https://github.com/rust-lang/crates.io-index"
dependencies = [
 "serde 1.0.72 (registry+https://github.com/rust-lang/crates.io-index)",
 "serde_derive 1.0.72 (registry+https://github.com/rust-lang/crates.io-index)",
]

[[package]]
name = "generic-array"
version = "0.8.3"
source = "registry+https://github.com/rust-lang/crates.io-index"
dependencies = [
 "nodrop 0.1.12 (registry+https://github.com/rust-lang/crates.io-index)",
 "serde 1.0.72 (registry+https://github.com/rust-lang/crates.io-index)",
 "typenum 1.10.0 (registry+https://github.com/rust-lang/crates.io-index)",
]

[[package]]
name = "libc"
version = "0.2.43"
source = "registry+https://github.com/rust-lang/crates.io-index"

[[package]]
name = "linear-map"
version = "1.2.0"
dependencies = [
 "generic-array 0.8.3 (registry+https://github.com/rust-lang/crates.io-index)",
 "oblivious-primitives 0.1.0",
 "serde 1.0.72 (registry+https://github.com/rust-lang/crates.io-index)",
 "subtle 0.7.0 (git+https://github.com/pratyush/subtle?branch=remove-generic-impls)",
]

[[package]]
name = "log"
version = "0.3.9"
source = "registry+https://github.com/rust-lang/crates.io-index"
dependencies = [
 "log 0.4.4 (registry+https://github.com/rust-lang/crates.io-index)",
]

[[package]]
name = "log"
version = "0.4.4"
source = "registry+https://github.com/rust-lang/crates.io-index"
dependencies = [
 "cfg-if 0.1.5 (registry+https://github.com/rust-lang/crates.io-index)",
]

[[package]]
name = "nodrop"
version = "0.1.12"
source = "registry+https://github.com/rust-lang/crates.io-index"

[[package]]
name = "oblivious-primitives"
version = "0.1.0"
dependencies = [
 "fast-bytes 0.1.0",
 "subtle 0.7.0 (git+https://github.com/pratyush/subtle?branch=remove-generic-impls)",
]

[[package]]
name = "ods"
version = "0.1.0"
dependencies = [
 "flat_map 0.0.6 (registry+https://github.com/rust-lang/crates.io-index)",
 "generic-array 0.8.3 (registry+https://github.com/rust-lang/crates.io-index)",
 "linear-map 1.2.0",
 "log 0.3.9 (registry+https://github.com/rust-lang/crates.io-index)",
 "path-oram 0.1.0",
 "serde 1.0.72 (registry+https://github.com/rust-lang/crates.io-index)",
 "serde_derive 1.0.72 (registry+https://github.com/rust-lang/crates.io-index)",
 "subtle 0.7.0 (git+https://github.com/pratyush/subtle?branch=remove-generic-impls)",
]

[[package]]
name = "osm"
version = "0.1.0"
dependencies = [
 "avl 0.1.0",
 "fast-bytes 0.1.0",
 "flat_map 0.0.6 (registry+https://github.com/rust-lang/crates.io-index)",
 "generic-array 0.8.3 (registry+https://github.com/rust-lang/crates.io-index)",
 "linear-map 1.2.0",
 "log 0.3.9 (registry+https://github.com/rust-lang/crates.io-index)",
 "oblivious-primitives 0.1.0",
 "ods 0.1.0",
 "path-oram 0.1.0",
 "serde 1.0.72 (registry+https://github.com/rust-lang/crates.io-index)",
 "serde_derive 1.0.72 (registry+https://github.com/rust-lang/crates.io-index)",
 "subtle 0.7.0 (git+https://github.com/pratyush/subtle?branch=remove-generic-impls)",
]

[[package]]
name = "osm-microbenchmarks"
version = "0.1.0"
dependencies = [
 "generic-array 0.8.3 (registry+https://github.com/rust-lang/crates.io-index)",
 "ods 0.1.0",
 "osm 0.1.0",
 "path-oram 0.1.0",
 "sgx_tstd 1.0.1 (registry+https://github.com/rust-lang/crates.io-index)",
 "sgx_types 1.0.1 (registry+https://github.com/rust-lang/crates.io-index)",
]

[[package]]
name = "path-oram"
version = "0.1.0"
dependencies = [
 "arrayvec 0.4.7 (registry+https://github.com/rust-lang/crates.io-index)",
 "cc 1.0.19 (registry+https://github.com/rust-lang/crates.io-index)",
 "digest 0.6.2 (registry+https://github.com/rust-lang/crates.io-index)",
 "either 1.5.0 (registry+https://github.com/rust-lang/crates.io-index)",
 "fast-bytes 0.1.0",
 "flat_map 0.0.6 (registry+https://github.com/rust-lang/crates.io-index)",
 "generic-array 0.8.3 (registry+https://github.com/rust-lang/crates.io-index)",
 "linear-map 1.2.0",
 "log 0.3.9 (registry+https://github.com/rust-lang/crates.io-index)",
 "oblivious-primitives 0.1.0",
 "serde 1.0.72 (registry+https://github.com/rust-lang/crates.io-index)",
 "serde_derive 1.0.72 (registry+https://github.com/rust-lang/crates.io-index)",
 "smallvec 0.6.4 (registry+https://github.com/rust-lang/crates.io-index)",
 "spin 0.4.9 (registry+https://github.com/rust-lang/crates.io-index)",
 "splay_tree 0.2.10 (registry+https://github.com/rust-lang/crates.io-index)",
 "subtle 0.7.0 (git+https://github.com/pratyush/subtle?branch=remove-generic-impls)",
]

[[package]]
name = "proc-macro2"
version = "0.4.13"
source = "registry+https://github.com/rust-lang/crates.io-index"
dependencies = [
 "unicode-xid 0.1.0 (registry+https://github.com/rust-lang/crates.io-index)",
]

[[package]]
name = "quote"
version = "0.6.6"
source = "registry+https://github.com/rust-lang/crates.io-index"
dependencies = [
 "proc-macro2 0.4.13 (registry+https://github.com/rust-lang/crates.io-index)",
]

[[package]]
name = "redox_syscall"
version = "0.1.40"
source = "registry+https://github.com/rust-lang/crates.io-index"

[[package]]
name = "serde"
version = "1.0.72"
source = "registry+https://github.com/rust-lang/crates.io-index"
dependencies = [
 "serde_derive 1.0.72 (registry+https://github.com/rust-lang/crates.io-index)",
]

[[package]]
name = "serde_derive"
version = "1.0.72"
source = "registry+https://github.com/rust-lang/crates.io-index"
dependencies = [
 "proc-macro2 0.4.13 (registry+https://github.com/rust-lang/crates.io-index)",
 "quote 0.6.6 (registry+https://github.com/rust-lang/crates.io-index)",
 "syn 0.14.9 (registry+https://github.com/rust-lang/crates.io-index)",
]

[[package]]
name = "sgx_alloc"
version = "1.0.1"
source = "registry+https://github.com/rust-lang/crates.io-index"
dependencies = [
 "sgx_trts 1.0.1 (registry+https://github.com/rust-lang/crates.io-index)",
]

[[package]]
name = "sgx_build_helper"
version = "0.1.0"
source = "registry+https://github.com/rust-lang/crates.io-index"
dependencies = [
 "filetime 0.1.15 (registry+https://github.com/rust-lang/crates.io-index)",
]

[[package]]
name = "sgx_tprotected_fs"
version = "1.0.1"
source = "registry+https://github.com/rust-lang/crates.io-index"
dependencies = [
 "sgx_trts 1.0.1 (registry+https://github.com/rust-lang/crates.io-index)",
 "sgx_types 1.0.1 (registry+https://github.com/rust-lang/crates.io-index)",
]

[[package]]
name = "sgx_trts"
version = "1.0.1"
source = "registry+https://github.com/rust-lang/crates.io-index"
dependencies = [
 "sgx_types 1.0.1 (registry+https://github.com/rust-lang/crates.io-index)",
]

[[package]]
name = "sgx_tstd"
version = "1.0.1"
source = "registry+https://github.com/rust-lang/crates.io-index"
dependencies = [
 "sgx_alloc 1.0.1 (registry+https://github.com/rust-lang/crates.io-index)",
 "sgx_build_helper 0.1.0 (registry+https://github.com/rust-lang/crates.io-index)",
 "sgx_tprotected_fs 1.0.1 (registry+https://github.com/rust-lang/crates.io-index)",
 "sgx_trts 1.0.1 (registry+https://github.com/rust-lang/crates.io-index)",
 "sgx_types 1.0.1 (registry+https://github.com/rust-lang/crates.io-index)",
 "sgx_unwind 0.0.2 (registry+https://github.com/rust-lang/crates.io-index)",
]

[[package]]
name = "sgx_types"
version = "1.0.1"
source = "registry+https://github.com/rust-lang/crates.io-index"

[[package]]
name = "sgx_unwind"
version = "0.0.2"
source = "registry+https://github.com/rust-lang/crates.io-index"
dependencies = [
 "sgx_trts 1.0.1 (registry+https://github.com/rust-lang/crates.io-index)",
]

[[package]]
name = "smallvec"
version = "0.6.4"
source = "registry+https://github.com/rust-lang/crates.io-index"
dependencies = [
 "unreachable 1.0.0 (registry+https://github.com/rust-lang/crates.io-index)",
]

[[package]]
name = "spin"
version = "0.4.9"
source = "registry+https://github.com/rust-lang/crates.io-index"

[[package]]
name = "splay_tree"
version = "0.2.10"
source = "registry+https://github.com/rust-lang/crates.io-index"
dependencies = [
 "serde 1.0.72 (registry+https://github.com/rust-lang/crates.io-index)",
]

[[package]]
name = "subtle"
version = "0.7.0"
source = "git+https://github.com/pratyush/subtle?branch=remove-generic-impls#a0defb7bdb154503c1738cff4222607363bc81de"

[[package]]
name = "syn"
version = "0.14.9"
source = "registry+https://github.com/rust-lang/crates.io-index"
dependencies = [
 "proc-macro2 0.4.13 (registry+https://github.com/rust-lang/crates.io-index)",
 "quote 0.6.6 (registry+https://github.com/rust-lang/crates.io-index)",
 "unicode-xid 0.1.0 (registry+https://github.com/rust-lang/crates.io-index)",
]

[[package]]
name = "typenum"
version = "1.10.0"
source = "registry+https://github.com/rust-lang/crates.io-index"

[[package]]
name = "unicode-xid"
version = "0.1.0"
source = "registry+https://github.com/rust-lang/crates.io-index"

[[package]]
name = "unreachable"
version = "1.0.0"
source = "registry+https://github.com/rust-lang/crates.io-index"
dependencies = [
 "void 1.0.2 (registry+https://github.com/rust-lang/crates.io-index)",
]

[[package]]
name = "void"
version = "1.0.2"
source = "registry+https://github.com/rust-lang/crates.io-index"

[metadata]
"checksum arrayvec 0.4.7 (registry+https://github.com/rust-lang/crates.io-index)" = "a1e964f9e24d588183fcb43503abda40d288c8657dfc27311516ce2f05675aef"
"checksum bigint 4.4.1 (registry+https://github.com/rust-lang/crates.io-index)" = "ebecac13b3c745150d7b6c3ea7572d372f09d627c2077e893bf26c5c7f70d282"
"checksum byteorder 1.2.4 (registry+https://github.com/rust-lang/crates.io-index)" = "8389c509ec62b9fe8eca58c502a0acaf017737355615243496cde4994f8fa4f9"
"checksum cc 1.0.19 (registry+https://github.com/rust-lang/crates.io-index)" = "850d5f0c639adf4715b8cdf0272db2a4f1da26135b180e1f94bac592a8fc8e6d"
"checksum cfg-if 0.1.5 (registry+https://github.com/rust-lang/crates.io-index)" = "0c4e7bb64a8ebb0d856483e1e682ea3422f883c5f5615a90d51a2c82fe87fdd3"
"checksum crunchy 0.1.6 (registry+https://github.com/rust-lang/crates.io-index)" = "a2f4a431c5c9f662e1200b7c7f02c34e91361150e382089a8f2dec3ba680cbda"
"checksum digest 0.6.2 (registry+https://github.com/rust-lang/crates.io-index)" = "e5b29bf156f3f4b3c4f610a25ff69370616ae6e0657d416de22645483e72af0a"
"checksum either 1.5.0 (registry+https://github.com/rust-lang/crates.io-index)" = "3be565ca5c557d7f59e7cfcf1844f9e3033650c929c6566f511e8005f205c1d0"
"checksum filetime 0.1.15 (registry+https://github.com/rust-lang/crates.io-index)" = "714653f3e34871534de23771ac7b26e999651a0a228f47beb324dfdf1dd4b10f"
"checksum flat_map 0.0.6 (registry+https://github.com/rust-lang/crates.io-index)" = "ee32c4d55efe9ab498f1cb7f8c84b790977b78cb5bc42e4cc975768988a4d71b"
"checksum generic-array 0.8.3 (registry+https://github.com/rust-lang/crates.io-index)" = "fceb69994e330afed50c93524be68c42fa898c2d9fd4ee8da03bd7363acd26f2"
"checksum libc 0.2.43 (registry+https://github.com/rust-lang/crates.io-index)" = "76e3a3ef172f1a0b9a9ff0dd1491ae5e6c948b94479a3021819ba7d860c8645d"
"checksum log 0.3.9 (registry+https://github.com/rust-lang/crates.io-index)" = "e19e8d5c34a3e0e2223db8e060f9e8264aeeb5c5fc64a4ee9965c062211c024b"
"checksum log 0.4.4 (registry+https://github.com/rust-lang/crates.io-index)" = "cba860f648db8e6f269df990180c2217f333472b4a6e901e97446858487971e2"
"checksum nodrop 0.1.12 (registry+https://github.com/rust-lang/crates.io-index)" = "9a2228dca57108069a5262f2ed8bd2e82496d2e074a06d1ccc7ce1687b6ae0a2"
"checksum proc-macro2 0.4.13 (registry+https://github.com/rust-lang/crates.io-index)" = "ee5697238f0d893c7f0ecc59c0999f18d2af85e424de441178bcacc9f9e6cf67"
"checksum quote 0.6.6 (registry+https://github.com/rust-lang/crates.io-index)" = "ed7d650913520df631972f21e104a4fa2f9c82a14afc65d17b388a2e29731e7c"
"checksum redox_syscall 0.1.40 (registry+https://github.com/rust-lang/crates.io-index)" = "c214e91d3ecf43e9a4e41e578973adeb14b474f2bee858742d127af75a0112b1"
"checksum serde 1.0.72 (registry+https://github.com/rust-lang/crates.io-index)" = "98b72cb11d2f90a50789254281aac9211092fd1ba87e067b45c94652fffe1cf1"
"checksum serde_derive 1.0.72 (registry+https://github.com/rust-lang/crates.io-index)" = "ccb40724ad173e215530b5217ffba55cdf34ef811e90023a43c948c5b04dc41f"
"checksum sgx_alloc 1.0.1 (registry+https://github.com/rust-lang/crates.io-index)" = "a51a272a8425fb6d86e5dfa58a004871da259e8052038230609ef140ec2fed15"
"checksum sgx_build_helper 0.1.0 (registry+https://github.com/rust-lang/crates.io-index)" = "ee53e3b297178bf5a3b6275015020875149e12424d7d2ec01a2f0cfcc475b878"
"checksum sgx_tprotected_fs 1.0.1 (registry+https://github.com/rust-lang/crates.io-index)" = "2e7b6df533633f4759d9879ebaf7fd4d6260c6fe4b92b6d710f3ba12c591102b"
"checksum sgx_trts 1.0.1 (registry+https://github.com/rust-lang/crates.io-index)" = "4d07ae77cb4e8f3fb0059a0b5c0410f68cfec121ca20873b0d074354e7893adf"
"checksum sgx_tstd 1.0.1 (registry+https://github.com/rust-lang/crates.io-index)" = "b8f074d85cea6aa41f249f246892f9bbfc1bc12642ac5c2094575ea4d47ac826"
"checksum sgx_types 1.0.1 (registry+https://github.com/rust-lang/crates.io-index)" = "6d010e1d626e3bc171e50a337936df876c8d4f2ee6ea68ca4a17a7d45ed77ceb"
"checksum sgx_unwind 0.0.2 (registry+https://github.com/rust-lang/crates.io-index)" = "009cf31b6bb579017aa9a39b09468acb30bd4c2b7e580996b14b6a68bedabf42"
"checksum smallvec 0.6.4 (registry+https://github.com/rust-lang/crates.io-index)" = "211a489e65e94b103926d2054ae515a1cdb5d515ea0ef414fee23b7e043ce748"
"checksum spin 0.4.9 (registry+https://github.com/rust-lang/crates.io-index)" = "37b5646825922b96b5d7d676b5bb3458a54498e96ed7b0ce09dc43a07038fea4"
"checksum splay_tree 0.2.10 (registry+https://github.com/rust-lang/crates.io-index)" = "309dee0d93c0a8f7a852cbd9a86e01e1a94781b64d98d86a191f4af7f095ecc1"
"checksum subtle 0.7.0 (git+https://github.com/pratyush/subtle?branch=remove-generic-impls)" = "<none>"
"checksum syn 0.14.9 (registry+https://github.com/rust-lang/crates.io-index)" = "261ae9ecaa397c42b960649561949d69311f08eeaea86a65696e6e46517cf741"
"checksum typenum 1.10.0 (registry+https://github.com/rust-lang/crates.io-index)" = "612d636f949607bdf9b123b4a6f6d966dedf3ff669f7f045890d3a4a73948169"
"checksum unicode-xid 0.1.0 (registry+https://github.com/rust-lang/crates.io-index)" = "fc72304796d0818e357ead4e000d19c9c174ab23dc11093ac919054d20a6a7fc"
"checksum unreachable 1.0.0 (registry+https://github.com/rust-lang/crates.io-index)" = "382810877fe448991dfc7f0dd6e3ae5d58088fd0ea5e35189655f84e6814fa56"
"checksum void 1.0.2 (registry+https://github.com/rust-lang/crates.io-index)" = "6a02e4885ed3bc0f2de90ea6dd45ebcbb66dacffe03547fadbb0eeae2770887d"
